// !$*UTF8*$!
{
	archiveVersion = 1;
	classes = {
	};
	objectVersion = 77;
	objects = {

/* Begin PBXBuildFile section */
		04F104A6FBA3A937CA8C3E7A /* String+Markdown.swift in Sources */ = {isa = PBXBuildFile; fileRef = 3D3DE08D772AE4D50DB09247 /* String+Markdown.swift */; };
		08B34046B1E7F20B831E604A /* LMDownloadRequest.swift in Sources */ = {isa = PBXBuildFile; fileRef = 9029051657E0156F4FDF13DF /* LMDownloadRequest.swift */; };
		096F82EC94C863C59516F321 /* MessageInputView.swift in Sources */ = {isa = PBXBuildFile; fileRef = 7D242813836DC3359783638B /* MessageInputView.swift */; };
		09DF394E171647CF15BFADA4 /* LMModelsResponse.swift in Sources */ = {isa = PBXBuildFile; fileRef = 9AF63648BA8E90B20D110330 /* LMModelsResponse.swift */; };
		0C803198615F7B4A0F858562 /* LMModelUnloadRequest.swift in Sources */ = {isa = PBXBuildFile; fileRef = 0881CA08A7EAFF4BE0064D59 /* LMModelUnloadRequest.swift */; };
		100CEA4A6E9EEB6DEBED3160 /* GenerationStatsView.swift in Sources */ = {isa = PBXBuildFile; fileRef = 55985AED92709D9A64B77BA6 /* GenerationStatsView.swift */; };
		10B6A8E54C4A147273C61569 /* Typography.swift in Sources */ = {isa = PBXBuildFile; fileRef = 825EAA3538C7F65B221BF3D5 /* Typography.swift */; };
		111A907ACD8C832D661B6276 /* Settings.bundle in Resources */ = {isa = PBXBuildFile; fileRef = FC497D70B6BDC7B3959B393B /* Settings.bundle */; };
		12F934E295F6795161C66AB5 /* ToolDefinition.swift in Sources */ = {isa = PBXBuildFile; fileRef = 3F9F403DEDB89BA519EBFEE2 /* ToolDefinition.swift */; };
		14346A2FAB73E7B5721534E3 /* NetworkConfiguration.swift in Sources */ = {isa = PBXBuildFile; fileRef = D56EEA2DFAC8920B6A53D326 /* NetworkConfiguration.swift */; };
		151418CFFCF9077A774556AA /* HTTPClient.swift in Sources */ = {isa = PBXBuildFile; fileRef = CFDEFBBA234756E904EC5DD3 /* HTTPClient.swift */; };
		15E936725AD3675887610AB6 /* ChatStreamService.swift in Sources */ = {isa = PBXBuildFile; fileRef = 0B012F370EC6A6B68F0CE9CF /* ChatStreamService.swift */; };
		1699434503B1D84846EA059E /* ToolParameters.swift in Sources */ = {isa = PBXBuildFile; fileRef = 5E95E1522986E748B2B956F1 /* ToolParameters.swift */; };
		1972CB199F25B16F09DB262D /* ChatCompletionDelta.swift in Sources */ = {isa = PBXBuildFile; fileRef = 5E7E9CEA459AFB9E56D16A25 /* ChatCompletionDelta.swift */; };
		1F56FA7D870AB42C5CF1866F /* SessionRowView.swift in Sources */ = {isa = PBXBuildFile; fileRef = F29ECAB744A1A8F4A5DFE321 /* SessionRowView.swift */; };
		2403FF1964F38CC683C7E8F4 /* LMReasoningContent.swift in Sources */ = {isa = PBXBuildFile; fileRef = 3A6C7C44BEB07017535DBC04 /* LMReasoningContent.swift */; };
		271BBC675C645363768F0089 /* ToolCallView.swift in Sources */ = {isa = PBXBuildFile; fileRef = 226BC99B869B2235F4054ABE /* ToolCallView.swift */; };
		299B13610B9DF4B1AF9F2E9D /* KeychainHelper.swift in Sources */ = {isa = PBXBuildFile; fileRef = C708D47ECD98E79ADFA0259A /* KeychainHelper.swift */; };
		29FBDBF63B6115044CCD8D7C /* ToolProperty.swift in Sources */ = {isa = PBXBuildFile; fileRef = 01B5303D93A4715ED71865D2 /* ToolProperty.swift */; };
		2C74B24FA14AF82E260C13B3 /* SSEParser.swift in Sources */ = {isa = PBXBuildFile; fileRef = AF8AD274B592807DEAABC7E9 /* SSEParser.swift */; };
		2E6464BBB0D6AB73FA3B7502 /* LaunchScreen.storyboard in Resources */ = {isa = PBXBuildFile; fileRef = 6163C46A35F0F7F16830C393 /* LaunchScreen.storyboard */; };
		307A89ED39D0529E9398DAAD /* ToolsStatusView.swift in Sources */ = {isa = PBXBuildFile; fileRef = 3ED8B38A89B6776C3FF989EB /* ToolsStatusView.swift */; };
		318D5ACC9154A7F5C50B35D9 /* LMInvalidToolCall.swift in Sources */ = {isa = PBXBuildFile; fileRef = 50164F6EB460D25CA51C4980 /* LMInvalidToolCall.swift */; };
		3466BE57EFB3B2B00EB1BAAF /* ModelCapabilities.swift in Sources */ = {isa = PBXBuildFile; fileRef = 6F5EBE4FA1F0DD8B76AF9820 /* ModelCapabilities.swift */; };
		3781E8BA63D2F9435189DA50 /* ChatApp.swift in Sources */ = {isa = PBXBuildFile; fileRef = FBE9E10A64DC19DE6CF6859F /* ChatApp.swift */; };
		3CB64C2100FD99F8E5E7053D /* StreamingToolCall.swift in Sources */ = {isa = PBXBuildFile; fileRef = 29118C54E3095D6FFC99F393 /* StreamingToolCall.swift */; };
		3DC2DAB897CAAF893B1EAE3D /* ModelQuantization.swift in Sources */ = {isa = PBXBuildFile; fileRef = 439A70AA6B99BC716C8BDDD8 /* ModelQuantization.swift */; };
		41A5CB279A4A6DA50547E150 /* DeviceConfiguration.swift in Sources */ = {isa = PBXBuildFile; fileRef = 654DAB8F7E3C15CDAC42F108 /* DeviceConfiguration.swift */; };
		4BC6CB1513ACBD7AFD6E61B3 /* StatusBadgeView.swift in Sources */ = {isa = PBXBuildFile; fileRef = 04661FB1B71B38A211C19B5B /* StatusBadgeView.swift */; };
		5351D380B9B66146B0172F91 /* ChatSession.swift in Sources */ = {isa = PBXBuildFile; fileRef = 38EC74849DE5FCE341B2E6A9 /* ChatSession.swift */; };
		56D92EAB0A8F223301CC2147 /* LMMessageContent.swift in Sources */ = {isa = PBXBuildFile; fileRef = 8E174223161237D0E35B59F7 /* LMMessageContent.swift */; };
		5718B35928D533EDA665AA21 /* LMDownloadResponse.swift in Sources */ = {isa = PBXBuildFile; fileRef = BFDA131DCE81ABB0158104CF /* LMDownloadResponse.swift */; };
		620B72093DB31ACF22293F0A /* AnyCodable.swift in Sources */ = {isa = PBXBuildFile; fileRef = 6D2EDBE3F6BF2E68E320BF55 /* AnyCodable.swift */; };
		63C2C786DBFE38AA14147427 /* Spacing.swift in Sources */ = {isa = PBXBuildFile; fileRef = E9F4ED6BA20499351B2789C0 /* Spacing.swift */; };
		64F40214C93CD296E649F734 /* AppConfig.swift in Sources */ = {isa = PBXBuildFile; fileRef = F842FF6EA2C720A14BE32CDF /* AppConfig.swift */; };
		74CD0CF39B7E2D82DC45B379 /* ModelPicker.swift in Sources */ = {isa = PBXBuildFile; fileRef = 10ECE70EE4EA9C6DE8CD5033 /* ModelPicker.swift */; };
		75CDF7C0A1423054292DB514 /* ToolCall.swift in Sources */ = {isa = PBXBuildFile; fileRef = 20210C2B19A82F5C96C1C516 /* ToolCall.swift */; };
		7704457BBC177A1FC9D1CDE3 /* ChatViewModel.swift in Sources */ = {isa = PBXBuildFile; fileRef = 42DB9F204295FCAAE928CFAB /* ChatViewModel.swift */; };
		7D70CF88D04AD64FAA3785DE /* ChatCompletionStreamPart.swift in Sources */ = {isa = PBXBuildFile; fileRef = 50B081C40483E8DAE452C25C /* ChatCompletionStreamPart.swift */; };
		7EDD4EACC7CA788B07D5E7CE /* LMStats.swift in Sources */ = {isa = PBXBuildFile; fileRef = 7D5EC59AA0F7038E3A8F3088 /* LMStats.swift */; };
		7FB1E2438DAB5DB490827B84 /* DeviceIdentity.swift in Sources */ = {isa = PBXBuildFile; fileRef = 7D8D7A519494E030AF7D1A92 /* DeviceIdentity.swift */; };
		80DBBE586CB0EE6DE1D9100C /* Color+Hex.swift in Sources */ = {isa = PBXBuildFile; fileRef = 73B9F9F3B13667EC70413FA8 /* Color+Hex.swift */; };
		8663FDC9E4A82358C95B172D /* ComponentConstants.swift in Sources */ = {isa = PBXBuildFile; fileRef = B7ABB3F8B92F0C068558D0DB /* ComponentConstants.swift */; };
		8AD2D2737227AE8917365BC1 /* LMInput.swift in Sources */ = {isa = PBXBuildFile; fileRef = 494FB9E56CA06B8D984F6349 /* LMInput.swift */; };
		8DBC9CDFDB1A509FAAC78B5F /* StatusIndicator.swift in Sources */ = {isa = PBXBuildFile; fileRef = D5DCB1A91A58A0A0FEF0E15A /* StatusIndicator.swift */; };
		8E1759141659B24BD0E9F7CC /* Message.swift in Sources */ = {isa = PBXBuildFile; fileRef = 11B4F298F6366B5E12EA54CE /* Message.swift */; };
		9927B733373AD7D8575A7DB9 /* LMSEvent.swift in Sources */ = {isa = PBXBuildFile; fileRef = 21062F7236C8B1C69E25A609 /* LMSEvent.swift */; };
		9C85D6D4C2F4AAAB09E2DA67 /* LMChatRequest.swift in Sources */ = {isa = PBXBuildFile; fileRef = 48D078672082FDDF1C16F7C9 /* LMChatRequest.swift */; };
		9DE7ADDBEEAA7DC0F591353F /* ShieldView.swift in Sources */ = {isa = PBXBuildFile; fileRef = 14AF07475E78E88E07CD216B /* ShieldView.swift */; };
		9E13CE00E3A070DB4C2CB9B7 /* LMProviderInfo.swift in Sources */ = {isa = PBXBuildFile; fileRef = 5E00852E7B6DF25F8836EA94 /* LMProviderInfo.swift */; };
		9F91A719B596F7D0614BCF9E /* StreamChoice.swift in Sources */ = {isa = PBXBuildFile; fileRef = 4CDD58051AC67338003A5833 /* StreamChoice.swift */; };
		A0DCC6ACD120CA287A931049 /* ChatCompletionRequest.swift in Sources */ = {isa = PBXBuildFile; fileRef = 7D4C430AA3D520F69C3E92A4 /* ChatCompletionRequest.swift */; };
		A25ED276CDC4FA54A521DCF7 /* LMToolCallMetadata.swift in Sources */ = {isa = PBXBuildFile; fileRef = 4E2CD1D54A064AA6175D1F2E /* LMToolCallMetadata.swift */; };
		A35A22FE6632BAD1AFF937DB /* LMModelLoadResponse.swift in Sources */ = {isa = PBXBuildFile; fileRef = 48B4ED713C2B12904542004A /* LMModelLoadResponse.swift */; };
		A394D7E48C14303F478A850C /* ChatCompletionResponse.swift in Sources */ = {isa = PBXBuildFile; fileRef = A0CE92627F6E8CE2E85F722F /* ChatCompletionResponse.swift */; };
		A3E10A91D1B5733D71F5C3B6 /* DeviceAuthManager.swift in Sources */ = {isa = PBXBuildFile; fileRef = 1A190535C122288534F78836 /* DeviceAuthManager.swift */; };
		A878801B2EFDD11D1FD4FE8F /* LMDoneEvent.swift in Sources */ = {isa = PBXBuildFile; fileRef = CE11515AF8A74C7A1A5BA9EF /* LMDoneEvent.swift */; };
		AA1A3215FB36BE8B932BF80D /* LMChatResponse.swift in Sources */ = {isa = PBXBuildFile; fileRef = FA682CC713186E406298CE26 /* LMChatResponse.swift */; };
		AA7BA85CCBB1F8A4E7CFBA5B /* ToolCallsResponse.swift in Sources */ = {isa = PBXBuildFile; fileRef = 1E3612626BEB52870CDC5FEE /* ToolCallsResponse.swift */; };
		ABA115A2A72E60CDF948533F /* LMToolCall.swift in Sources */ = {isa = PBXBuildFile; fileRef = 6BF8E75D87AA10826CC872A7 /* LMToolCall.swift */; };
		ABE87C0DA71A48293666F435 /* ChatRole.swift in Sources */ = {isa = PBXBuildFile; fileRef = DC5CFBEF3ACCA0E3341A5D36 /* ChatRole.swift */; };
		AD25EF75AEA1B0D638EF6B91 /* ChatMessagesView.swift in Sources */ = {isa = PBXBuildFile; fileRef = 065C621B75F7F288049D3967 /* ChatMessagesView.swift */; };
		AF41F727FD7D6185E0F971BF /* LMModelLoadRequest.swift in Sources */ = {isa = PBXBuildFile; fileRef = 4AAA3F188CFF594B4EB4C3AF /* LMModelLoadRequest.swift */; };
		B8602B019BC36E70FF9921C5 /* ModelRowView.swift in Sources */ = {isa = PBXBuildFile; fileRef = 90CE458B4EBD268392345D9D /* ModelRowView.swift */; };
		C157A2D61C900738606EBEEA /* ChatMessage.swift in Sources */ = {isa = PBXBuildFile; fileRef = 257B566E331430D5A5290ED0 /* ChatMessage.swift */; };
		C8972A3C011F21B2B2442C7E /* LMDownloadStatus.swift in Sources */ = {isa = PBXBuildFile; fileRef = DDC4CF4C0884264B301BD4A3 /* LMDownloadStatus.swift */; };
		C9409A41559101C4C6AB3282 /* LMModelLoadConfig.swift in Sources */ = {isa = PBXBuildFile; fileRef = AF64BF44CF376D4971CFB1F5 /* LMModelLoadConfig.swift */; };
		CB9915319003DC8C221B0AA9 /* PersistenceController.swift in Sources */ = {isa = PBXBuildFile; fileRef = 4D0053D2D6003A3BDE8273C2 /* PersistenceController.swift */; };
		CBB270899E087697F9F792C1 /* GenerationStats.swift in Sources */ = {isa = PBXBuildFile; fileRef = 1EF4D9C73719ECB776E319AB /* GenerationStats.swift */; };
		CC074FEB459EAF8EDB2037AF /* Colors.swift in Sources */ = {isa = PBXBuildFile; fileRef = 6ADCC8C7AAD76ED29B064636 /* Colors.swift */; };
		D2BA6B7325160220BAF66AFC /* StreamingFunction.swift in Sources */ = {isa = PBXBuildFile; fileRef = FD2A5D82064C745DD00D64B2 /* StreamingFunction.swift */; };
		D3D41FE0479D3D6D77F912D0 /* NetworkService.swift in Sources */ = {isa = PBXBuildFile; fileRef = 776EC5A8509825048DFACD52 /* NetworkService.swift */; };
		D4E2E1DDF1360432ACAA8D0E /* ContextBar.swift in Sources */ = {isa = PBXBuildFile; fileRef = 2E0823322364CE523636D670 /* ContextBar.swift */; };
		D55BBA238F38C614FD4756A7 /* ModelInfo.swift in Sources */ = {isa = PBXBuildFile; fileRef = 1B0587BB00D44CFF93234F76 /* ModelInfo.swift */; };
		D67349F77DC38D7DA7171989 /* LMStreamChunk.swift in Sources */ = {isa = PBXBuildFile; fileRef = ACD5BF5372109544E729FFC5 /* LMStreamChunk.swift */; };
		D93C87076B002E9E72794959 /* CopyButton.swift in Sources */ = {isa = PBXBuildFile; fileRef = CAC39884BFB6D3276838C50E /* CopyButton.swift */; };
		DD7CB67BCE41B7A765B05FE3 /* ThinkingBlock.swift in Sources */ = {isa = PBXBuildFile; fileRef = A8E1E4C66BBAE3C260885D17 /* ThinkingBlock.swift */; };
		DEEF337C6620EBCA46ECD72E /* ToolCallResult.swift in Sources */ = {isa = PBXBuildFile; fileRef = 7ED1D7B81F0B6BB30874BE44 /* ToolCallResult.swift */; };
		E78D7604A8296815F0585DD9 /* LMError.swift in Sources */ = {isa = PBXBuildFile; fileRef = D4F5E8062694293B04173004 /* LMError.swift */; };
		E93F3F7D23635B023B90A69E /* Assets.xcassets in Resources */ = {isa = PBXBuildFile; fileRef = B0C7D3AD3BDBC249B7B3015A /* Assets.xcassets */; };
		E9AB07B25EDB34793CC816BA /* ThemeManager.swift in Sources */ = {isa = PBXBuildFile; fileRef = 2315C71A40BF32F4F5E3A610 /* ThemeManager.swift */; };
		EAB209E5D219CB9755758323 /* NetworkError.swift in Sources */ = {isa = PBXBuildFile; fileRef = 14BEF283365442C007EF7C2D /* NetworkError.swift */; };
		EE59DE73BA9136888BCED09B /* PrimaryButtonStyle.swift in Sources */ = {isa = PBXBuildFile; fileRef = 9FCD235A352C08AC83003019 /* PrimaryButtonStyle.swift */; };
		F2152ABB66B015F4D8419EA7 /* AuthError.swift in Sources */ = {isa = PBXBuildFile; fileRef = DD14F655578DD9C5F37062BF /* AuthError.swift */; };
		F424089269805E096045E8F4 /* HistoryView.swift in Sources */ = {isa = PBXBuildFile; fileRef = 4161E51E995E10B8FB43D741 /* HistoryView.swift */; };
		F851899A20BDDDF6423DBF85 /* MessageBubble.swift in Sources */ = {isa = PBXBuildFile; fileRef = 8721807DD83D0BBB7FFC6C87 /* MessageBubble.swift */; };
		FC3B0C488DA3C913DAE23E6B /* ChatView.swift in Sources */ = {isa = PBXBuildFile; fileRef = 8CC170D425407EB88D34D4AC /* ChatView.swift */; };
/* End PBXBuildFile section */

/* Begin PBXFileReference section */
		01B5303D93A4715ED71865D2 /* ToolProperty.swift */ = {isa = PBXFileReference; lastKnownFileType = sourcecode.swift; path = ToolProperty.swift; sourceTree = "<group>"; };
		04661FB1B71B38A211C19B5B /* StatusBadgeView.swift */ = {isa = PBXFileReference; lastKnownFileType = sourcecode.swift; path = StatusBadgeView.swift; sourceTree = "<group>"; };
		065C621B75F7F288049D3967 /* ChatMessagesView.swift */ = {isa = PBXFileReference; lastKnownFileType = sourcecode.swift; path = ChatMessagesView.swift; sourceTree = "<group>"; };
		0881CA08A7EAFF4BE0064D59 /* LMModelUnloadRequest.swift */ = {isa = PBXFileReference; lastKnownFileType = sourcecode.swift; path = LMModelUnloadRequest.swift; sourceTree = "<group>"; };
		0B012F370EC6A6B68F0CE9CF /* ChatStreamService.swift */ = {isa = PBXFileReference; lastKnownFileType = sourcecode.swift; path = ChatStreamService.swift; sourceTree = "<group>"; };
		10ECE70EE4EA9C6DE8CD5033 /* ModelPicker.swift */ = {isa = PBXFileReference; lastKnownFileType = sourcecode.swift; path = ModelPicker.swift; sourceTree = "<group>"; };
		11B4F298F6366B5E12EA54CE /* Message.swift */ = {isa = PBXFileReference; lastKnownFileType = sourcecode.swift; path = Message.swift; sourceTree = "<group>"; };
		14AF07475E78E88E07CD216B /* ShieldView.swift */ = {isa = PBXFileReference; lastKnownFileType = sourcecode.swift; path = ShieldView.swift; sourceTree = "<group>"; };
		14BEF283365442C007EF7C2D /* NetworkError.swift */ = {isa = PBXFileReference; lastKnownFileType = sourcecode.swift; path = NetworkError.swift; sourceTree = "<group>"; };
		1A190535C122288534F78836 /* DeviceAuthManager.swift */ = {isa = PBXFileReference; lastKnownFileType = sourcecode.swift; path = DeviceAuthManager.swift; sourceTree = "<group>"; };
		1B0587BB00D44CFF93234F76 /* ModelInfo.swift */ = {isa = PBXFileReference; lastKnownFileType = sourcecode.swift; path = ModelInfo.swift; sourceTree = "<group>"; };
		1D3BCDC49A426DDDE1CE8324 /* Chat.entitlements */ = {isa = PBXFileReference; lastKnownFileType = text.plist.entitlements; path = Chat.entitlements; sourceTree = "<group>"; };
		1E3612626BEB52870CDC5FEE /* ToolCallsResponse.swift */ = {isa = PBXFileReference; lastKnownFileType = sourcecode.swift; path = ToolCallsResponse.swift; sourceTree = "<group>"; };
		1EF4D9C73719ECB776E319AB /* GenerationStats.swift */ = {isa = PBXFileReference; lastKnownFileType = sourcecode.swift; path = GenerationStats.swift; sourceTree = "<group>"; };
		20210C2B19A82F5C96C1C516 /* ToolCall.swift */ = {isa = PBXFileReference; lastKnownFileType = sourcecode.swift; path = ToolCall.swift; sourceTree = "<group>"; };
		21062F7236C8B1C69E25A609 /* LMSEvent.swift */ = {isa = PBXFileReference; lastKnownFileType = sourcecode.swift; path = LMSEvent.swift; sourceTree = "<group>"; };
		226BC99B869B2235F4054ABE /* ToolCallView.swift */ = {isa = PBXFileReference; lastKnownFileType = sourcecode.swift; path = ToolCallView.swift; sourceTree = "<group>"; };
		2315C71A40BF32F4F5E3A610 /* ThemeManager.swift */ = {isa = PBXFileReference; lastKnownFileType = sourcecode.swift; path = ThemeManager.swift; sourceTree = "<group>"; };
		257B566E331430D5A5290ED0 /* ChatMessage.swift */ = {isa = PBXFileReference; lastKnownFileType = sourcecode.swift; path = ChatMessage.swift; sourceTree = "<group>"; };
		29118C54E3095D6FFC99F393 /* StreamingToolCall.swift */ = {isa = PBXFileReference; lastKnownFileType = sourcecode.swift; path = StreamingToolCall.swift; sourceTree = "<group>"; };
		2E0823322364CE523636D670 /* ContextBar.swift */ = {isa = PBXFileReference; lastKnownFileType = sourcecode.swift; path = ContextBar.swift; sourceTree = "<group>"; };
		38EC74849DE5FCE341B2E6A9 /* ChatSession.swift */ = {isa = PBXFileReference; lastKnownFileType = sourcecode.swift; path = ChatSession.swift; sourceTree = "<group>"; };
		3A6C7C44BEB07017535DBC04 /* LMReasoningContent.swift */ = {isa = PBXFileReference; lastKnownFileType = sourcecode.swift; path = LMReasoningContent.swift; sourceTree = "<group>"; };
		3D3DE08D772AE4D50DB09247 /* String+Markdown.swift */ = {isa = PBXFileReference; lastKnownFileType = sourcecode.swift; path = "String+Markdown.swift"; sourceTree = "<group>"; };
		3ED8B38A89B6776C3FF989EB /* ToolsStatusView.swift */ = {isa = PBXFileReference; lastKnownFileType = sourcecode.swift; path = ToolsStatusView.swift; sourceTree = "<group>"; };
		3F9F403DEDB89BA519EBFEE2 /* ToolDefinition.swift */ = {isa = PBXFileReference; lastKnownFileType = sourcecode.swift; path = ToolDefinition.swift; sourceTree = "<group>"; };
		4161E51E995E10B8FB43D741 /* HistoryView.swift */ = {isa = PBXFileReference; lastKnownFileType = sourcecode.swift; path = HistoryView.swift; sourceTree = "<group>"; };
		42DB9F204295FCAAE928CFAB /* ChatViewModel.swift */ = {isa = PBXFileReference; lastKnownFileType = sourcecode.swift; path = ChatViewModel.swift; sourceTree = "<group>"; };
		439A70AA6B99BC716C8BDDD8 /* ModelQuantization.swift */ = {isa = PBXFileReference; lastKnownFileType = sourcecode.swift; path = ModelQuantization.swift; sourceTree = "<group>"; };
		48B4ED713C2B12904542004A /* LMModelLoadResponse.swift */ = {isa = PBXFileReference; lastKnownFileType = sourcecode.swift; path = LMModelLoadResponse.swift; sourceTree = "<group>"; };
		48D078672082FDDF1C16F7C9 /* LMChatRequest.swift */ = {isa = PBXFileReference; lastKnownFileType = sourcecode.swift; path = LMChatRequest.swift; sourceTree = "<group>"; };
		494FB9E56CA06B8D984F6349 /* LMInput.swift */ = {isa = PBXFileReference; lastKnownFileType = sourcecode.swift; path = LMInput.swift; sourceTree = "<group>"; };
		4AAA3F188CFF594B4EB4C3AF /* LMModelLoadRequest.swift */ = {isa = PBXFileReference; lastKnownFileType = sourcecode.swift; path = LMModelLoadRequest.swift; sourceTree = "<group>"; };
		4CDD58051AC67338003A5833 /* StreamChoice.swift */ = {isa = PBXFileReference; lastKnownFileType = sourcecode.swift; path = StreamChoice.swift; sourceTree = "<group>"; };
		4D0053D2D6003A3BDE8273C2 /* PersistenceController.swift */ = {isa = PBXFileReference; lastKnownFileType = sourcecode.swift; path = PersistenceController.swift; sourceTree = "<group>"; };
		4E2CD1D54A064AA6175D1F2E /* LMToolCallMetadata.swift */ = {isa = PBXFileReference; lastKnownFileType = sourcecode.swift; path = LMToolCallMetadata.swift; sourceTree = "<group>"; };
		50164F6EB460D25CA51C4980 /* LMInvalidToolCall.swift */ = {isa = PBXFileReference; lastKnownFileType = sourcecode.swift; path = LMInvalidToolCall.swift; sourceTree = "<group>"; };
		50B081C40483E8DAE452C25C /* ChatCompletionStreamPart.swift */ = {isa = PBXFileReference; lastKnownFileType = sourcecode.swift; path = ChatCompletionStreamPart.swift; sourceTree = "<group>"; };
		55985AED92709D9A64B77BA6 /* GenerationStatsView.swift */ = {isa = PBXFileReference; lastKnownFileType = sourcecode.swift; path = GenerationStatsView.swift; sourceTree = "<group>"; };
		5E00852E7B6DF25F8836EA94 /* LMProviderInfo.swift */ = {isa = PBXFileReference; lastKnownFileType = sourcecode.swift; path = LMProviderInfo.swift; sourceTree = "<group>"; };
		5E7E9CEA459AFB9E56D16A25 /* ChatCompletionDelta.swift */ = {isa = PBXFileReference; lastKnownFileType = sourcecode.swift; path = ChatCompletionDelta.swift; sourceTree = "<group>"; };
		5E95E1522986E748B2B956F1 /* ToolParameters.swift */ = {isa = PBXFileReference; lastKnownFileType = sourcecode.swift; path = ToolParameters.swift; sourceTree = "<group>"; };
		6163C46A35F0F7F16830C393 /* LaunchScreen.storyboard */ = {isa = PBXFileReference; lastKnownFileType = file.storyboard; path = LaunchScreen.storyboard; sourceTree = "<group>"; };
		654DAB8F7E3C15CDAC42F108 /* DeviceConfiguration.swift */ = {isa = PBXFileReference; lastKnownFileType = sourcecode.swift; path = DeviceConfiguration.swift; sourceTree = "<group>"; };
		6ADCC8C7AAD76ED29B064636 /* Colors.swift */ = {isa = PBXFileReference; lastKnownFileType = sourcecode.swift; path = Colors.swift; sourceTree = "<group>"; };
		6BF8E75D87AA10826CC872A7 /* LMToolCall.swift */ = {isa = PBXFileReference; lastKnownFileType = sourcecode.swift; path = LMToolCall.swift; sourceTree = "<group>"; };
		6D2EDBE3F6BF2E68E320BF55 /* AnyCodable.swift */ = {isa = PBXFileReference; lastKnownFileType = sourcecode.swift; path = AnyCodable.swift; sourceTree = "<group>"; };
		6F5EBE4FA1F0DD8B76AF9820 /* ModelCapabilities.swift */ = {isa = PBXFileReference; lastKnownFileType = sourcecode.swift; path = ModelCapabilities.swift; sourceTree = "<group>"; };
		73B9F9F3B13667EC70413FA8 /* Color+Hex.swift */ = {isa = PBXFileReference; lastKnownFileType = sourcecode.swift; path = "Color+Hex.swift"; sourceTree = "<group>"; };
		776EC5A8509825048DFACD52 /* NetworkService.swift */ = {isa = PBXFileReference; lastKnownFileType = sourcecode.swift; path = NetworkService.swift; sourceTree = "<group>"; };
		7D242813836DC3359783638B /* MessageInputView.swift */ = {isa = PBXFileReference; lastKnownFileType = sourcecode.swift; path = MessageInputView.swift; sourceTree = "<group>"; };
		7D4C430AA3D520F69C3E92A4 /* ChatCompletionRequest.swift */ = {isa = PBXFileReference; lastKnownFileType = sourcecode.swift; path = ChatCompletionRequest.swift; sourceTree = "<group>"; };
		7D5EC59AA0F7038E3A8F3088 /* LMStats.swift */ = {isa = PBXFileReference; lastKnownFileType = sourcecode.swift; path = LMStats.swift; sourceTree = "<group>"; };
		7D8D7A519494E030AF7D1A92 /* DeviceIdentity.swift */ = {isa = PBXFileReference; lastKnownFileType = sourcecode.swift; path = DeviceIdentity.swift; sourceTree = "<group>"; };
		7ED1D7B81F0B6BB30874BE44 /* ToolCallResult.swift */ = {isa = PBXFileReference; lastKnownFileType = sourcecode.swift; path = ToolCallResult.swift; sourceTree = "<group>"; };
		825EAA3538C7F65B221BF3D5 /* Typography.swift */ = {isa = PBXFileReference; lastKnownFileType = sourcecode.swift; path = Typography.swift; sourceTree = "<group>"; };
		8721807DD83D0BBB7FFC6C87 /* MessageBubble.swift */ = {isa = PBXFileReference; lastKnownFileType = sourcecode.swift; path = MessageBubble.swift; sourceTree = "<group>"; };
		89570EDF575183D81D202A7F /* Info.plist */ = {isa = PBXFileReference; lastKnownFileType = text.plist; path = Info.plist; sourceTree = "<group>"; };
		8CC170D425407EB88D34D4AC /* ChatView.swift */ = {isa = PBXFileReference; lastKnownFileType = sourcecode.swift; path = ChatView.swift; sourceTree = "<group>"; };
		8E174223161237D0E35B59F7 /* LMMessageContent.swift */ = {isa = PBXFileReference; lastKnownFileType = sourcecode.swift; path = LMMessageContent.swift; sourceTree = "<group>"; };
		9029051657E0156F4FDF13DF /* LMDownloadRequest.swift */ = {isa = PBXFileReference; lastKnownFileType = sourcecode.swift; path = LMDownloadRequest.swift; sourceTree = "<group>"; };
		90CE458B4EBD268392345D9D /* ModelRowView.swift */ = {isa = PBXFileReference; lastKnownFileType = sourcecode.swift; path = ModelRowView.swift; sourceTree = "<group>"; };
		9246AFCD400E75665967FB72 /* Chat.app */ = {isa = PBXFileReference; includeInIndex = 0; lastKnownFileType = wrapper.application; path = Chat.app; sourceTree = BUILT_PRODUCTS_DIR; };
		9AF63648BA8E90B20D110330 /* LMModelsResponse.swift */ = {isa = PBXFileReference; lastKnownFileType = sourcecode.swift; path = LMModelsResponse.swift; sourceTree = "<group>"; };
		9FCD235A352C08AC83003019 /* PrimaryButtonStyle.swift */ = {isa = PBXFileReference; lastKnownFileType = sourcecode.swift; path = PrimaryButtonStyle.swift; sourceTree = "<group>"; };
		A0CE92627F6E8CE2E85F722F /* ChatCompletionResponse.swift */ = {isa = PBXFileReference; lastKnownFileType = sourcecode.swift; path = ChatCompletionResponse.swift; sourceTree = "<group>"; };
		A8E1E4C66BBAE3C260885D17 /* ThinkingBlock.swift */ = {isa = PBXFileReference; lastKnownFileType = sourcecode.swift; path = ThinkingBlock.swift; sourceTree = "<group>"; };
		ACD5BF5372109544E729FFC5 /* LMStreamChunk.swift */ = {isa = PBXFileReference; lastKnownFileType = sourcecode.swift; path = LMStreamChunk.swift; sourceTree = "<group>"; };
		AF64BF44CF376D4971CFB1F5 /* LMModelLoadConfig.swift */ = {isa = PBXFileReference; lastKnownFileType = sourcecode.swift; path = LMModelLoadConfig.swift; sourceTree = "<group>"; };
		AF8AD274B592807DEAABC7E9 /* SSEParser.swift */ = {isa = PBXFileReference; lastKnownFileType = sourcecode.swift; path = SSEParser.swift; sourceTree = "<group>"; };
		B0C7D3AD3BDBC249B7B3015A /* Assets.xcassets */ = {isa = PBXFileReference; lastKnownFileType = folder.assetcatalog; path = Assets.xcassets; sourceTree = "<group>"; };
		B7ABB3F8B92F0C068558D0DB /* ComponentConstants.swift */ = {isa = PBXFileReference; lastKnownFileType = sourcecode.swift; path = ComponentConstants.swift; sourceTree = "<group>"; };
		BFDA131DCE81ABB0158104CF /* LMDownloadResponse.swift */ = {isa = PBXFileReference; lastKnownFileType = sourcecode.swift; path = LMDownloadResponse.swift; sourceTree = "<group>"; };
		C708D47ECD98E79ADFA0259A /* KeychainHelper.swift */ = {isa = PBXFileReference; lastKnownFileType = sourcecode.swift; path = KeychainHelper.swift; sourceTree = "<group>"; };
		CAC39884BFB6D3276838C50E /* CopyButton.swift */ = {isa = PBXFileReference; lastKnownFileType = sourcecode.swift; path = CopyButton.swift; sourceTree = "<group>"; };
		CE11515AF8A74C7A1A5BA9EF /* LMDoneEvent.swift */ = {isa = PBXFileReference; lastKnownFileType = sourcecode.swift; path = LMDoneEvent.swift; sourceTree = "<group>"; };
		CFDEFBBA234756E904EC5DD3 /* HTTPClient.swift */ = {isa = PBXFileReference; lastKnownFileType = sourcecode.swift; path = HTTPClient.swift; sourceTree = "<group>"; };
		D4F5E8062694293B04173004 /* LMError.swift */ = {isa = PBXFileReference; lastKnownFileType = sourcecode.swift; path = LMError.swift; sourceTree = "<group>"; };
		D56EEA2DFAC8920B6A53D326 /* NetworkConfiguration.swift */ = {isa = PBXFileReference; lastKnownFileType = sourcecode.swift; path = NetworkConfiguration.swift; sourceTree = "<group>"; };
		D5DCB1A91A58A0A0FEF0E15A /* StatusIndicator.swift */ = {isa = PBXFileReference; lastKnownFileType = sourcecode.swift; path = StatusIndicator.swift; sourceTree = "<group>"; };
		DC5CFBEF3ACCA0E3341A5D36 /* ChatRole.swift */ = {isa = PBXFileReference; lastKnownFileType = sourcecode.swift; path = ChatRole.swift; sourceTree = "<group>"; };
		DD14F655578DD9C5F37062BF /* AuthError.swift */ = {isa = PBXFileReference; lastKnownFileType = sourcecode.swift; path = AuthError.swift; sourceTree = "<group>"; };
		DDC4CF4C0884264B301BD4A3 /* LMDownloadStatus.swift */ = {isa = PBXFileReference; lastKnownFileType = sourcecode.swift; path = LMDownloadStatus.swift; sourceTree = "<group>"; };
		E9F4ED6BA20499351B2789C0 /* Spacing.swift */ = {isa = PBXFileReference; lastKnownFileType = sourcecode.swift; path = Spacing.swift; sourceTree = "<group>"; };
		F29ECAB744A1A8F4A5DFE321 /* SessionRowView.swift */ = {isa = PBXFileReference; lastKnownFileType = sourcecode.swift; path = SessionRowView.swift; sourceTree = "<group>"; };
		F842FF6EA2C720A14BE32CDF /* AppConfig.swift */ = {isa = PBXFileReference; lastKnownFileType = sourcecode.swift; path = AppConfig.swift; sourceTree = "<group>"; };
		FA682CC713186E406298CE26 /* LMChatResponse.swift */ = {isa = PBXFileReference; lastKnownFileType = sourcecode.swift; path = LMChatResponse.swift; sourceTree = "<group>"; };
		FBE9E10A64DC19DE6CF6859F /* ChatApp.swift */ = {isa = PBXFileReference; lastKnownFileType = sourcecode.swift; path = ChatApp.swift; sourceTree = "<group>"; };
		FC497D70B6BDC7B3959B393B /* Settings.bundle */ = {isa = PBXFileReference; lastKnownFileType = wrapper.cfbundle; path = Settings.bundle; sourceTree = "<group>"; };
		FD2A5D82064C745DD00D64B2 /* StreamingFunction.swift */ = {isa = PBXFileReference; lastKnownFileType = sourcecode.swift; path = StreamingFunction.swift; sourceTree = "<group>"; };
/* End PBXFileReference section */

/* Begin PBXGroup section */
		05ACBAB9D375A1C8E5C087B5 /* Services */ = {
			isa = PBXGroup;
			children = (
				D56EEA2DFAC8920B6A53D326 /* NetworkConfiguration.swift */,
				2315C71A40BF32F4F5E3A610 /* ThemeManager.swift */,
				7B0D353AF9E44DB7F1AAC3C1 /* Auth */,
				80844963CDAA47BC62395109 /* Chat */,
				23C9CBF924960649E9417293 /* Errors */,
				1DD3DF36C43534F5559EA84D /* Network */,
			);
			path = Services;
			sourceTree = "<group>";
		};
		17907AA181958A6262BF05CD /* ViewModels */ = {
			isa = PBXGroup;
			children = (
				F842FF6EA2C720A14BE32CDF /* AppConfig.swift */,
				42DB9F204295FCAAE928CFAB /* ChatViewModel.swift */,
			);
			path = ViewModels;
			sourceTree = "<group>";
		};
		1DD3DF36C43534F5559EA84D /* Network */ = {
			isa = PBXGroup;
			children = (
				CFDEFBBA234756E904EC5DD3 /* HTTPClient.swift */,
				776EC5A8509825048DFACD52 /* NetworkService.swift */,
				AF8AD274B592807DEAABC7E9 /* SSEParser.swift */,
			);
			path = Network;
			sourceTree = "<group>";
		};
		21D05F53AA4A58B961E0AF6D /* LMStudio */ = {
			isa = PBXGroup;
			children = (
				48D078672082FDDF1C16F7C9 /* LMChatRequest.swift */,
				FA682CC713186E406298CE26 /* LMChatResponse.swift */,
				CE11515AF8A74C7A1A5BA9EF /* LMDoneEvent.swift */,
				9029051657E0156F4FDF13DF /* LMDownloadRequest.swift */,
				BFDA131DCE81ABB0158104CF /* LMDownloadResponse.swift */,
				DDC4CF4C0884264B301BD4A3 /* LMDownloadStatus.swift */,
				D4F5E8062694293B04173004 /* LMError.swift */,
				494FB9E56CA06B8D984F6349 /* LMInput.swift */,
				50164F6EB460D25CA51C4980 /* LMInvalidToolCall.swift */,
				8E174223161237D0E35B59F7 /* LMMessageContent.swift */,
				AF64BF44CF376D4971CFB1F5 /* LMModelLoadConfig.swift */,
				4AAA3F188CFF594B4EB4C3AF /* LMModelLoadRequest.swift */,
				48B4ED713C2B12904542004A /* LMModelLoadResponse.swift */,
				0881CA08A7EAFF4BE0064D59 /* LMModelUnloadRequest.swift */,
				5E00852E7B6DF25F8836EA94 /* LMProviderInfo.swift */,
				3A6C7C44BEB07017535DBC04 /* LMReasoningContent.swift */,
				21062F7236C8B1C69E25A609 /* LMSEvent.swift */,
				7D5EC59AA0F7038E3A8F3088 /* LMStats.swift */,
				ACD5BF5372109544E729FFC5 /* LMStreamChunk.swift */,
				6BF8E75D87AA10826CC872A7 /* LMToolCall.swift */,
				4E2CD1D54A064AA6175D1F2E /* LMToolCallMetadata.swift */,
			);
			path = LMStudio;
			sourceTree = "<group>";
		};
		23C9CBF924960649E9417293 /* Errors */ = {
			isa = PBXGroup;
			children = (
				DD14F655578DD9C5F37062BF /* AuthError.swift */,
				14BEF283365442C007EF7C2D /* NetworkError.swift */,
			);
			path = Errors;
			sourceTree = "<group>";
		};
		38A1D918A1E34BC42D2BCD74 /* Products */ = {
			isa = PBXGroup;
			children = (
				9246AFCD400E75665967FB72 /* Chat.app */,
			);
			name = Products;
			sourceTree = "<group>";
		};
		4209E7B8FADB85020DEFDA87 /* Models */ = {
			isa = PBXGroup;
			children = (
				38EC74849DE5FCE341B2E6A9 /* ChatSession.swift */,
				1EF4D9C73719ECB776E319AB /* GenerationStats.swift */,
				9AF63648BA8E90B20D110330 /* LMModelsResponse.swift */,
				11B4F298F6366B5E12EA54CE /* Message.swift */,
				6F5EBE4FA1F0DD8B76AF9820 /* ModelCapabilities.swift */,
				1B0587BB00D44CFF93234F76 /* ModelInfo.swift */,
				439A70AA6B99BC716C8BDDD8 /* ModelQuantization.swift */,
				20210C2B19A82F5C96C1C516 /* ToolCall.swift */,
				7ED1D7B81F0B6BB30874BE44 /* ToolCallResult.swift */,
				1E3612626BEB52870CDC5FEE /* ToolCallsResponse.swift */,
				3F9F403DEDB89BA519EBFEE2 /* ToolDefinition.swift */,
				5E95E1522986E748B2B956F1 /* ToolParameters.swift */,
				01B5303D93A4715ED71865D2 /* ToolProperty.swift */,
				56F3BA2702CE17386283144A /* API */,
				21D05F53AA4A58B961E0AF6D /* LMStudio */,
			);
			path = Models;
			sourceTree = "<group>";
		};
		48F654E0CE43758E41E2E919 /* Resources */ = {
			isa = PBXGroup;
			children = (
				B0C7D3AD3BDBC249B7B3015A /* Assets.xcassets */,
				1D3BCDC49A426DDDE1CE8324 /* Chat.entitlements */,
				89570EDF575183D81D202A7F /* Info.plist */,
				6163C46A35F0F7F16830C393 /* LaunchScreen.storyboard */,
				FC497D70B6BDC7B3959B393B /* Settings.bundle */,
			);
			path = Resources;
			sourceTree = "<group>";
		};
		56F3BA2702CE17386283144A /* API */ = {
			isa = PBXGroup;
			children = (
				5E7E9CEA459AFB9E56D16A25 /* ChatCompletionDelta.swift */,
				7D4C430AA3D520F69C3E92A4 /* ChatCompletionRequest.swift */,
				A0CE92627F6E8CE2E85F722F /* ChatCompletionResponse.swift */,
				50B081C40483E8DAE452C25C /* ChatCompletionStreamPart.swift */,
				257B566E331430D5A5290ED0 /* ChatMessage.swift */,
				DC5CFBEF3ACCA0E3341A5D36 /* ChatRole.swift */,
				4CDD58051AC67338003A5833 /* StreamChoice.swift */,
				FD2A5D82064C745DD00D64B2 /* StreamingFunction.swift */,
				29118C54E3095D6FFC99F393 /* StreamingToolCall.swift */,
			);
			path = API;
			sourceTree = "<group>";
		};
		6D41FE16C9DFBF93511483FC /* Core */ = {
			isa = PBXGroup;
			children = (
				6D2EDBE3F6BF2E68E320BF55 /* AnyCodable.swift */,
				AB748892EFB0F3926B5CF55B /* Extensions */,
			);
			path = Core;
			sourceTree = "<group>";
		};
		721207F940B8E089412608F2 /* Views */ = {
			isa = PBXGroup;
			children = (
				F405B6A38B7B78CFE8C72EF7 /* Components */,
				BB313DE6168A2E920D8AC160 /* Screens */,
			);
			path = Views;
			sourceTree = "<group>";
		};
		77BE6C1B0F543C4D00F0CFBD /* App */ = {
			isa = PBXGroup;
			children = (
				FBE9E10A64DC19DE6CF6859F /* ChatApp.swift */,
			);
			path = App;
			sourceTree = "<group>";
		};
		7B0D353AF9E44DB7F1AAC3C1 /* Auth */ = {
			isa = PBXGroup;
			children = (
				1A190535C122288534F78836 /* DeviceAuthManager.swift */,
				654DAB8F7E3C15CDAC42F108 /* DeviceConfiguration.swift */,
				7D8D7A519494E030AF7D1A92 /* DeviceIdentity.swift */,
				C708D47ECD98E79ADFA0259A /* KeychainHelper.swift */,
			);
			path = Auth;
			sourceTree = "<group>";
		};
		80844963CDAA47BC62395109 /* Chat */ = {
			isa = PBXGroup;
			children = (
				0B012F370EC6A6B68F0CE9CF /* ChatStreamService.swift */,
			);
			path = Chat;
			sourceTree = "<group>";
		};
		81D6D1222B415D9C67C18BD1 = {
			isa = PBXGroup;
			children = (
				77BE6C1B0F543C4D00F0CFBD /* App */,
				6D41FE16C9DFBF93511483FC /* Core */,
				99637F568C994E3CC1E1F601 /* Data */,
				8F1692F835B51D55CD68E0AF /* Design */,
				4209E7B8FADB85020DEFDA87 /* Models */,
				48F654E0CE43758E41E2E919 /* Resources */,
				05ACBAB9D375A1C8E5C087B5 /* Services */,
				17907AA181958A6262BF05CD /* ViewModels */,
				721207F940B8E089412608F2 /* Views */,
				38A1D918A1E34BC42D2BCD74 /* Products */,
			);
			sourceTree = "<group>";
		};
		8F1692F835B51D55CD68E0AF /* Design */ = {
			isa = PBXGroup;
			children = (
				6ADCC8C7AAD76ED29B064636 /* Colors.swift */,
				B7ABB3F8B92F0C068558D0DB /* ComponentConstants.swift */,
				9FCD235A352C08AC83003019 /* PrimaryButtonStyle.swift */,
				E9F4ED6BA20499351B2789C0 /* Spacing.swift */,
				825EAA3538C7F65B221BF3D5 /* Typography.swift */,
			);
			path = Design;
			sourceTree = "<group>";
		};
		99637F568C994E3CC1E1F601 /* Data */ = {
			isa = PBXGroup;
			children = (
				4D0053D2D6003A3BDE8273C2 /* PersistenceController.swift */,
			);
			path = Data;
			sourceTree = "<group>";
		};
		AB748892EFB0F3926B5CF55B /* Extensions */ = {
			isa = PBXGroup;
			children = (
				73B9F9F3B13667EC70413FA8 /* Color+Hex.swift */,
				3D3DE08D772AE4D50DB09247 /* String+Markdown.swift */,
			);
			path = Extensions;
			sourceTree = "<group>";
		};
		BB313DE6168A2E920D8AC160 /* Screens */ = {
			isa = PBXGroup;
			children = (
				8CC170D425407EB88D34D4AC /* ChatView.swift */,
				4161E51E995E10B8FB43D741 /* HistoryView.swift */,
				10ECE70EE4EA9C6DE8CD5033 /* ModelPicker.swift */,
			);
			path = Screens;
			sourceTree = "<group>";
		};
		F405B6A38B7B78CFE8C72EF7 /* Components */ = {
			isa = PBXGroup;
			children = (
				065C621B75F7F288049D3967 /* ChatMessagesView.swift */,
				2E0823322364CE523636D670 /* ContextBar.swift */,
				CAC39884BFB6D3276838C50E /* CopyButton.swift */,
				55985AED92709D9A64B77BA6 /* GenerationStatsView.swift */,
				8721807DD83D0BBB7FFC6C87 /* MessageBubble.swift */,
				7D242813836DC3359783638B /* MessageInputView.swift */,
				90CE458B4EBD268392345D9D /* ModelRowView.swift */,
				F29ECAB744A1A8F4A5DFE321 /* SessionRowView.swift */,
				14AF07475E78E88E07CD216B /* ShieldView.swift */,
				04661FB1B71B38A211C19B5B /* StatusBadgeView.swift */,
				D5DCB1A91A58A0A0FEF0E15A /* StatusIndicator.swift */,
				A8E1E4C66BBAE3C260885D17 /* ThinkingBlock.swift */,
				226BC99B869B2235F4054ABE /* ToolCallView.swift */,
				3ED8B38A89B6776C3FF989EB /* ToolsStatusView.swift */,
			);
			path = Components;
			sourceTree = "<group>";
		};
/* End PBXGroup section */

/* Begin PBXNativeTarget section */
		7D146E7308A5F61A6A04A7CD /* Chat */ = {
			isa = PBXNativeTarget;
			buildConfigurationList = 2F2DE6755960B67844DA10A3 /* Build configuration list for PBXNativeTarget "Chat" */;
			buildPhases = (
				55A71667437A6EE9C2112C1B /* Sources */,
				355B316A878A93CD3884DB68 /* Resources */,
			);
			buildRules = (
			);
			dependencies = (
			);
			name = Chat;
			packageProductDependencies = (
			);
			productName = Chat;
			productReference = 9246AFCD400E75665967FB72 /* Chat.app */;
			productType = "com.apple.product-type.application";
		};
/* End PBXNativeTarget section */

/* Begin PBXProject section */
		2A0CADDBA42B443BDC2F3280 /* Project object */ = {
			isa = PBXProject;
			attributes = {
				BuildIndependentTargetsInParallel = YES;
				LastUpgradeCheck = 1500;
				TargetAttributes = {
					7D146E7308A5F61A6A04A7CD = {
						DevelopmentTeam = QP3VV6YM6A;
						ProvisioningStyle = Automatic;
					};
				};
			};
			buildConfigurationList = 5BF2D8A0F20A5563CE9A6AEB /* Build configuration list for PBXProject "Chat" */;
			compatibilityVersion = "Xcode 14.0";
			developmentRegion = en;
			hasScannedForEncodings = 0;
			knownRegions = (
				Base,
				en,
			);
			mainGroup = 81D6D1222B415D9C67C18BD1;
			minimizedProjectReferenceProxies = 1;
			preferredProjectObjectVersion = 77;
			projectDirPath = "";
			projectRoot = "";
			targets = (
				7D146E7308A5F61A6A04A7CD /* Chat */,
			);
		};
/* End PBXProject section */

/* Begin PBXResourcesBuildPhase section */
		355B316A878A93CD3884DB68 /* Resources */ = {
			isa = PBXResourcesBuildPhase;
			buildActionMask = 2147483647;
			files = (
				E93F3F7D23635B023B90A69E /* Assets.xcassets in Resources */,
				2E6464BBB0D6AB73FA3B7502 /* LaunchScreen.storyboard in Resources */,
				111A907ACD8C832D661B6276 /* Settings.bundle in Resources */,
			);
			runOnlyForDeploymentPostprocessing = 0;
		};
/* End PBXResourcesBuildPhase section */

/* Begin PBXSourcesBuildPhase section */
		55A71667437A6EE9C2112C1B /* Sources */ = {
			isa = PBXSourcesBuildPhase;
			buildActionMask = 2147483647;
			files = (
				620B72093DB31ACF22293F0A /* AnyCodable.swift in Sources */,
				64F40214C93CD296E649F734 /* AppConfig.swift in Sources */,
				F2152ABB66B015F4D8419EA7 /* AuthError.swift in Sources */,
				3781E8BA63D2F9435189DA50 /* ChatApp.swift in Sources */,
				1972CB199F25B16F09DB262D /* ChatCompletionDelta.swift in Sources */,
				A0DCC6ACD120CA287A931049 /* ChatCompletionRequest.swift in Sources */,
				A394D7E48C14303F478A850C /* ChatCompletionResponse.swift in Sources */,
				7D70CF88D04AD64FAA3785DE /* ChatCompletionStreamPart.swift in Sources */,
				C157A2D61C900738606EBEEA /* ChatMessage.swift in Sources */,
				AD25EF75AEA1B0D638EF6B91 /* ChatMessagesView.swift in Sources */,
				ABE87C0DA71A48293666F435 /* ChatRole.swift in Sources */,
				5351D380B9B66146B0172F91 /* ChatSession.swift in Sources */,
				15E936725AD3675887610AB6 /* ChatStreamService.swift in Sources */,
				FC3B0C488DA3C913DAE23E6B /* ChatView.swift in Sources */,
				7704457BBC177A1FC9D1CDE3 /* ChatViewModel.swift in Sources */,
				80DBBE586CB0EE6DE1D9100C /* Color+Hex.swift in Sources */,
				CC074FEB459EAF8EDB2037AF /* Colors.swift in Sources */,
				8663FDC9E4A82358C95B172D /* ComponentConstants.swift in Sources */,
				D4E2E1DDF1360432ACAA8D0E /* ContextBar.swift in Sources */,
				D93C87076B002E9E72794959 /* CopyButton.swift in Sources */,
				A3E10A91D1B5733D71F5C3B6 /* DeviceAuthManager.swift in Sources */,
				41A5CB279A4A6DA50547E150 /* DeviceConfiguration.swift in Sources */,
				7FB1E2438DAB5DB490827B84 /* DeviceIdentity.swift in Sources */,
				CBB270899E087697F9F792C1 /* GenerationStats.swift in Sources */,
				100CEA4A6E9EEB6DEBED3160 /* GenerationStatsView.swift in Sources */,
				151418CFFCF9077A774556AA /* HTTPClient.swift in Sources */,
				F424089269805E096045E8F4 /* HistoryView.swift in Sources */,
				299B13610B9DF4B1AF9F2E9D /* KeychainHelper.swift in Sources */,
				9C85D6D4C2F4AAAB09E2DA67 /* LMChatRequest.swift in Sources */,
				AA1A3215FB36BE8B932BF80D /* LMChatResponse.swift in Sources */,
				A878801B2EFDD11D1FD4FE8F /* LMDoneEvent.swift in Sources */,
				08B34046B1E7F20B831E604A /* LMDownloadRequest.swift in Sources */,
				5718B35928D533EDA665AA21 /* LMDownloadResponse.swift in Sources */,
				C8972A3C011F21B2B2442C7E /* LMDownloadStatus.swift in Sources */,
				E78D7604A8296815F0585DD9 /* LMError.swift in Sources */,
				8AD2D2737227AE8917365BC1 /* LMInput.swift in Sources */,
				318D5ACC9154A7F5C50B35D9 /* LMInvalidToolCall.swift in Sources */,
				56D92EAB0A8F223301CC2147 /* LMMessageContent.swift in Sources */,
				C9409A41559101C4C6AB3282 /* LMModelLoadConfig.swift in Sources */,
				AF41F727FD7D6185E0F971BF /* LMModelLoadRequest.swift in Sources */,
				A35A22FE6632BAD1AFF937DB /* LMModelLoadResponse.swift in Sources */,
				0C803198615F7B4A0F858562 /* LMModelUnloadRequest.swift in Sources */,
				09DF394E171647CF15BFADA4 /* LMModelsResponse.swift in Sources */,
				9E13CE00E3A070DB4C2CB9B7 /* LMProviderInfo.swift in Sources */,
				2403FF1964F38CC683C7E8F4 /* LMReasoningContent.swift in Sources */,
				9927B733373AD7D8575A7DB9 /* LMSEvent.swift in Sources */,
				7EDD4EACC7CA788B07D5E7CE /* LMStats.swift in Sources */,
				D67349F77DC38D7DA7171989 /* LMStreamChunk.swift in Sources */,
				ABA115A2A72E60CDF948533F /* LMToolCall.swift in Sources */,
				A25ED276CDC4FA54A521DCF7 /* LMToolCallMetadata.swift in Sources */,
				8E1759141659B24BD0E9F7CC /* Message.swift in Sources */,
				F851899A20BDDDF6423DBF85 /* MessageBubble.swift in Sources */,
				096F82EC94C863C59516F321 /* MessageInputView.swift in Sources */,
				3466BE57EFB3B2B00EB1BAAF /* ModelCapabilities.swift in Sources */,
				D55BBA238F38C614FD4756A7 /* ModelInfo.swift in Sources */,
				74CD0CF39B7E2D82DC45B379 /* ModelPicker.swift in Sources */,
				3DC2DAB897CAAF893B1EAE3D /* ModelQuantization.swift in Sources */,
				B8602B019BC36E70FF9921C5 /* ModelRowView.swift in Sources */,
				14346A2FAB73E7B5721534E3 /* NetworkConfiguration.swift in Sources */,
				EAB209E5D219CB9755758323 /* NetworkError.swift in Sources */,
				D3D41FE0479D3D6D77F912D0 /* NetworkService.swift in Sources */,
				CB9915319003DC8C221B0AA9 /* PersistenceController.swift in Sources */,
				EE59DE73BA9136888BCED09B /* PrimaryButtonStyle.swift in Sources */,
				2C74B24FA14AF82E260C13B3 /* SSEParser.swift in Sources */,
				1F56FA7D870AB42C5CF1866F /* SessionRowView.swift in Sources */,
				9DE7ADDBEEAA7DC0F591353F /* ShieldView.swift in Sources */,
				63C2C786DBFE38AA14147427 /* Spacing.swift in Sources */,
				4BC6CB1513ACBD7AFD6E61B3 /* StatusBadgeView.swift in Sources */,
				8DBC9CDFDB1A509FAAC78B5F /* StatusIndicator.swift in Sources */,
				9F91A719B596F7D0614BCF9E /* StreamChoice.swift in Sources */,
				D2BA6B7325160220BAF66AFC /* StreamingFunction.swift in Sources */,
				3CB64C2100FD99F8E5E7053D /* StreamingToolCall.swift in Sources */,
				04F104A6FBA3A937CA8C3E7A /* String+Markdown.swift in Sources */,
				E9AB07B25EDB34793CC816BA /* ThemeManager.swift in Sources */,
				DD7CB67BCE41B7A765B05FE3 /* ThinkingBlock.swift in Sources */,
				75CDF7C0A1423054292DB514 /* ToolCall.swift in Sources */,
				DEEF337C6620EBCA46ECD72E /* ToolCallResult.swift in Sources */,
				271BBC675C645363768F0089 /* ToolCallView.swift in Sources */,
				AA7BA85CCBB1F8A4E7CFBA5B /* ToolCallsResponse.swift in Sources */,
				12F934E295F6795161C66AB5 /* ToolDefinition.swift in Sources */,
				1699434503B1D84846EA059E /* ToolParameters.swift in Sources */,
				29FBDBF63B6115044CCD8D7C /* ToolProperty.swift in Sources */,
				307A89ED39D0529E9398DAAD /* ToolsStatusView.swift in Sources */,
				10B6A8E54C4A147273C61569 /* Typography.swift in Sources */,
			);
			runOnlyForDeploymentPostprocessing = 0;
		};
/* End PBXSourcesBuildPhase section */

/* Begin XCBuildConfiguration section */
		4D4C53C9C4E6E9F1DCD244E0 /* Release */ = {
			isa = XCBuildConfiguration;
			buildSettings = {
				ALWAYS_SEARCH_USER_PATHS = NO;
				CLANG_ANALYZER_NONNULL = YES;
				CLANG_ANALYZER_NUMBER_OBJECT_CONVERSION = YES_AGGRESSIVE;
				CLANG_CXX_LANGUAGE_STANDARD = "gnu++14";
				CLANG_CXX_LIBRARY = "libc++";
				CLANG_ENABLE_MODULES = YES;
				CLANG_ENABLE_OBJC_ARC = YES;
				CLANG_ENABLE_OBJC_WEAK = YES;
				CLANG_WARN_BLOCK_CAPTURE_AUTORELEASING = YES;
				CLANG_WARN_BOOL_CONVERSION = YES;
				CLANG_WARN_COMMA = YES;
				CLANG_WARN_CONSTANT_CONVERSION = YES;
				CLANG_WARN_DEPRECATED_OBJC_IMPLEMENTATIONS = YES;
				CLANG_WARN_DIRECT_OBJC_ISA_USAGE = YES_ERROR;
				CLANG_WARN_DOCUMENTATION_COMMENTS = YES;
				CLANG_WARN_EMPTY_BODY = YES;
				CLANG_WARN_ENUM_CONVERSION = YES;
				CLANG_WARN_INFINITE_RECURSION = YES;
				CLANG_WARN_INT_CONVERSION = YES;
				CLANG_WARN_NON_LITERAL_NULL_CONVERSION = YES;
				CLANG_WARN_OBJC_IMPLICIT_RETAIN_SELF = YES;
				CLANG_WARN_OBJC_LITERAL_CONVERSION = YES;
				CLANG_WARN_OBJC_ROOT_CLASS = YES_ERROR;
				CLANG_WARN_QUOTED_INCLUDE_IN_FRAMEWORK_HEADER = YES;
				CLANG_WARN_RANGE_LOOP_ANALYSIS = YES;
				CLANG_WARN_STRICT_PROTOTYPES = YES;
				CLANG_WARN_SUSPICIOUS_MOVE = YES;
				CLANG_WARN_UNGUARDED_AVAILABILITY = YES_AGGRESSIVE;
				CLANG_WARN_UNREACHABLE_CODE = YES;
				CLANG_WARN__DUPLICATE_METHOD_MATCH = YES;
				CODE_SIGN_STYLE = Automatic;
				COPY_PHASE_STRIP = NO;
				DEBUG_INFORMATION_FORMAT = "dwarf-with-dsym";
				DEVELOPMENT_TEAM = QP3VV6YM6A;
				ENABLE_NS_ASSERTIONS = NO;
				ENABLE_STRICT_OBJC_MSGSEND = YES;
				ENABLE_USER_SCRIPT_SANDBOXING = NO;
				GCC_C_LANGUAGE_STANDARD = gnu11;
				GCC_NO_COMMON_BLOCKS = YES;
				GCC_WARN_64_TO_32_BIT_CONVERSION = YES;
				GCC_WARN_ABOUT_RETURN_TYPE = YES_ERROR;
				GCC_WARN_UNDECLARED_SELECTOR = YES;
				GCC_WARN_UNINITIALIZED_AUTOS = YES_AGGRESSIVE;
				GCC_WARN_UNUSED_FUNCTION = YES;
				GCC_WARN_UNUSED_VARIABLE = YES;
				IPHONEOS_DEPLOYMENT_TARGET = 26.2;
				MTL_ENABLE_DEBUG_INFO = NO;
				MTL_FAST_MATH = YES;
				PRODUCT_NAME = "$(TARGET_NAME)";
				SDKROOT = iphoneos;
				SWIFT_COMPILATION_MODE = wholemodule;
				SWIFT_OPTIMIZATION_LEVEL = "-O";
				SWIFT_VERSION = 6.0;
				TARGETED_DEVICE_FAMILY = 1;
			};
			name = Release;
		};
		79B3DFA0D45BADE3CAF8E26E /* Release */ = {
			isa = XCBuildConfiguration;
			buildSettings = {
				ASSETCATALOG_COMPILER_APPICON_NAME = AppIcon;
				CODE_SIGN_ENTITLEMENTS = Resources/Chat.entitlements;
				CODE_SIGN_IDENTITY = "iPhone Developer";
				CURRENT_PROJECT_VERSION = 1;
				DEVELOPMENT_TEAM = QP3VV6YM6A;
				GENERATE_INFOPLIST_FILE = NO;
				INFOPLIST_FILE = Resources/Info.plist;
				LD_RUNPATH_SEARCH_PATHS = (
					"$(inherited)",
					"@executable_path/Frameworks",
				);
				MARKETING_VERSION = 1.0;
				PRODUCT_BUNDLE_IDENTIFIER = ru.nearbe.chat;
				SDKROOT = iphoneos;
				SUPPORTED_PLATFORMS = "iphoneos iphonesimulator";
				SUPPORTS_MACCATALYST = NO;
				SUPPORTS_MAC_DESIGNED_FOR_IPHONE_IPAD = NO;
				SUPPORTS_XR_DESIGNED_FOR_IPHONE_IPAD = NO;
				SWIFT_EMIT_LOC_STRINGS = YES;
				TARGETED_DEVICE_FAMILY = "1,2";
			};
			name = Release;
		};
		AE4CBB7D30CD593895628113 /* Debug */ = {
			isa = XCBuildConfiguration;
			buildSettings = {
				ALWAYS_SEARCH_USER_PATHS = NO;
				CLANG_ANALYZER_NONNULL = YES;
				CLANG_ANALYZER_NUMBER_OBJECT_CONVERSION = YES_AGGRESSIVE;
				CLANG_CXX_LANGUAGE_STANDARD = "gnu++14";
				CLANG_CXX_LIBRARY = "libc++";
				CLANG_ENABLE_MODULES = YES;
				CLANG_ENABLE_OBJC_ARC = YES;
				CLANG_ENABLE_OBJC_WEAK = YES;
				CLANG_WARN_BLOCK_CAPTURE_AUTORELEASING = YES;
				CLANG_WARN_BOOL_CONVERSION = YES;
				CLANG_WARN_COMMA = YES;
				CLANG_WARN_CONSTANT_CONVERSION = YES;
				CLANG_WARN_DEPRECATED_OBJC_IMPLEMENTATIONS = YES;
				CLANG_WARN_DIRECT_OBJC_ISA_USAGE = YES_ERROR;
				CLANG_WARN_DOCUMENTATION_COMMENTS = YES;
				CLANG_WARN_EMPTY_BODY = YES;
				CLANG_WARN_ENUM_CONVERSION = YES;
				CLANG_WARN_INFINITE_RECURSION = YES;
				CLANG_WARN_INT_CONVERSION = YES;
				CLANG_WARN_NON_LITERAL_NULL_CONVERSION = YES;
				CLANG_WARN_OBJC_IMPLICIT_RETAIN_SELF = YES;
				CLANG_WARN_OBJC_LITERAL_CONVERSION = YES;
				CLANG_WARN_OBJC_ROOT_CLASS = YES_ERROR;
				CLANG_WARN_QUOTED_INCLUDE_IN_FRAMEWORK_HEADER = YES;
				CLANG_WARN_RANGE_LOOP_ANALYSIS = YES;
				CLANG_WARN_STRICT_PROTOTYPES = YES;
				CLANG_WARN_SUSPICIOUS_MOVE = YES;
				CLANG_WARN_UNGUARDED_AVAILABILITY = YES_AGGRESSIVE;
				CLANG_WARN_UNREACHABLE_CODE = YES;
				CLANG_WARN__DUPLICATE_METHOD_MATCH = YES;
				CODE_SIGN_STYLE = Automatic;
				COPY_PHASE_STRIP = NO;
				DEBUG_INFORMATION_FORMAT = dwarf;
				DEVELOPMENT_TEAM = QP3VV6YM6A;
				ENABLE_STRICT_OBJC_MSGSEND = YES;
				ENABLE_TESTABILITY = YES;
				ENABLE_USER_SCRIPT_SANDBOXING = NO;
				GCC_C_LANGUAGE_STANDARD = gnu11;
				GCC_DYNAMIC_NO_PIC = NO;
				GCC_NO_COMMON_BLOCKS = YES;
				GCC_OPTIMIZATION_LEVEL = 0;
				GCC_PREPROCESSOR_DEFINITIONS = (
					"$(inherited)",
					"DEBUG=1",
				);
				GCC_WARN_64_TO_32_BIT_CONVERSION = YES;
				GCC_WARN_ABOUT_RETURN_TYPE = YES_ERROR;
				GCC_WARN_UNDECLARED_SELECTOR = YES;
				GCC_WARN_UNINITIALIZED_AUTOS = YES_AGGRESSIVE;
				GCC_WARN_UNUSED_FUNCTION = YES;
				GCC_WARN_UNUSED_VARIABLE = YES;
				IPHONEOS_DEPLOYMENT_TARGET = 26.2;
				MTL_ENABLE_DEBUG_INFO = INCLUDE_SOURCE;
				MTL_FAST_MATH = YES;
				ONLY_ACTIVE_ARCH = YES;
				PRODUCT_NAME = "$(TARGET_NAME)";
				SDKROOT = iphoneos;
				SWIFT_ACTIVE_COMPILATION_CONDITIONS = DEBUG;
				SWIFT_OPTIMIZATION_LEVEL = "-Onone";
				SWIFT_VERSION = 6.0;
				TARGETED_DEVICE_FAMILY = 1;
			};
			name = Debug;
		};
		FB9994157D29601D8FDE0AA9 /* Debug */ = {
			isa = XCBuildConfiguration;
			buildSettings = {
				ASSETCATALOG_COMPILER_APPICON_NAME = AppIcon;
				CODE_SIGN_ENTITLEMENTS = Resources/Chat.entitlements;
				CODE_SIGN_IDENTITY = "iPhone Developer";
				CURRENT_PROJECT_VERSION = 1;
				GENERATE_INFOPLIST_FILE = NO;
				INFOPLIST_FILE = Resources/Info.plist;
				LD_RUNPATH_SEARCH_PATHS = (
					"$(inherited)",
					"@executable_path/Frameworks",
				);
				MARKETING_VERSION = 1.0;
				PRODUCT_BUNDLE_IDENTIFIER = ru.nearbe.chat;
				SDKROOT = iphoneos;
				SUPPORTED_PLATFORMS = "iphoneos iphonesimulator";
				SUPPORTS_MACCATALYST = NO;
				SUPPORTS_MAC_DESIGNED_FOR_IPHONE_IPAD = NO;
				SUPPORTS_XR_DESIGNED_FOR_IPHONE_IPAD = NO;
				SWIFT_EMIT_LOC_STRINGS = YES;
				TARGETED_DEVICE_FAMILY = "1,2";
			};
			name = Debug;
		};
/* End XCBuildConfiguration section */

/* Begin XCConfigurationList section */
		2F2DE6755960B67844DA10A3 /* Build configuration list for PBXNativeTarget "Chat" */ = {
			isa = XCConfigurationList;
			buildConfigurations = (
				FB9994157D29601D8FDE0AA9 /* Debug */,
				79B3DFA0D45BADE3CAF8E26E /* Release */,
			);
			defaultConfigurationIsVisible = 0;
			defaultConfigurationName = Debug;
		};
		5BF2D8A0F20A5563CE9A6AEB /* Build configuration list for PBXProject "Chat" */ = {
			isa = XCConfigurationList;
			buildConfigurations = (
				AE4CBB7D30CD593895628113 /* Debug */,
				4D4C53C9C4E6E9F1DCD244E0 /* Release */,
			);
			defaultConfigurationIsVisible = 0;
			defaultConfigurationName = Debug;
		};
/* End XCConfigurationList section */
	};
	rootObject = 2A0CADDBA42B443BDC2F3280 /* Project object */;
}
